
Microsoft Visual Studio Solution File, Format Version 12.00
# Visual Studio Version 16
VisualStudioVersion = 16.0.29609.76
MinimumVisualStudioVersion = 10.0.40219.1
Project("{9A19103F-16F7-4668-BE54-9A1E7A4F7556}") = "Archimedes.Service.Repository", "Archimedes.Service.Repository\Archimedes.Service.Repository.csproj", "{4F667287-DC08-4B18-8CC6-7E2702291C7A}"
EndProject
Project("{FAE04EC0-301F-11D3-BF4B-00C04F79EFBC}") = "Archimedes.Service.Repository.Tests", "Archimedes.Service.Repository.Tests\Archimedes.Service.Repository.Tests.csproj", "{91C5BC4E-0DC2-4AAC-80CE-B2BB0D445E65}"
EndProject
Global
	GlobalSection(SolutionConfigurationPlatforms) = preSolution
		Debug|Any CPU = Debug|Any CPU
		Release|Any CPU = Release|Any CPU
	EndGlobalSection
	GlobalSection(ProjectConfigurationPlatforms) = postSolution
		{4F667287-DC08-4B18-8CC6-7E2702291C7A}.Debug|Any CPU.ActiveCfg = Debug|Any CPU
		{4F667287-DC08-4B18-8CC6-7E2702291C7A}.Debug|Any CPU.Build.0 = Debug|Any CPU
		{4F667287-DC08-4B18-8CC6-7E2702291C7A}.Release|Any CPU.ActiveCfg = Release|Any CPU
		{4F667287-DC08-4B18-8CC6-7E2702291C7A}.Release|Any CPU.Build.0 = Release|Any CPU
		{91C5BC4E-0DC2-4AAC-80CE-B2BB0D445E65}.Debug|Any CPU.ActiveCfg = Debug|Any CPU
		{91C5BC4E-0DC2-4AAC-80CE-B2BB0D445E65}.Debug|Any CPU.Build.0 = Debug|Any CPU
		{91C5BC4E-0DC2-4AAC-80CE-B2BB0D445E65}.Release|Any CPU.ActiveCfg = Release|Any CPU
		{91C5BC4E-0DC2-4AAC-80CE-B2BB0D445E65}.Release|Any CPU.Build.0 = Release|Any CPU
	EndGlobalSection
	GlobalSection(SolutionProperties) = preSolution
		HideSolutionNode = FALSE
	EndGlobalSection
	GlobalSection(ExtensibilityGlobals) = postSolution
		SolutionGuid = {CEC45843-7DDF-416B-A5DC-ADB6A55912A0}
	EndGlobalSection
EndGlobal
